
Microsoft Visual Studio Solution File, Format Version 12.00
# Visual Studio Version 17
VisualStudioVersion = 17.8.34330.188
MinimumVisualStudioVersion = 10.0.40219.1
Project("{FAE04EC0-301F-11D3-BF4B-00C04F79EFBC}") = "Calculator Program", "Calculator Program.csproj", "{77F29211-5904-47E9-9CE8-A1F20142C518}"
EndProject
Global
	GlobalSection(SolutionConfigurationPlatforms) = preSolution
		Debug|Any CPU = Debug|Any CPU
		Release|Any CPU = Release|Any CPU
	EndGlobalSection
	GlobalSection(ProjectConfigurationPlatforms) = postSolution
		{77F29211-5904-47E9-9CE8-A1F20142C518}.Debug|Any CPU.ActiveCfg = Debug|Any CPU
		{77F29211-5904-47E9-9CE8-A1F20142C518}.Debug|Any CPU.Build.0 = Debug|Any CPU
		{77F29211-5904-47E9-9CE8-A1F20142C518}.Release|Any CPU.ActiveCfg = Release|Any CPU
		{77F29211-5904-47E9-9CE8-A1F20142C518}.Release|Any CPU.Build.0 = Release|Any CPU
	EndGlobalSection
	GlobalSection(SolutionProperties) = preSolution
		HideSolutionNode = FALSE
	EndGlobalSection
	GlobalSection(ExtensibilityGlobals) = postSolution
		SolutionGuid = {C632C135-8E66-49B4-ACBA-CF4EF7D761B9}
	EndGlobalSection
EndGlobal
